
Microsoft Visual Studio Solution File, Format Version 12.00
# Visual Studio Version 17
VisualStudioVersion = 17.13.35919.96
MinimumVisualStudioVersion = 10.0.40219.1
Project("{FAE04EC0-301F-11D3-BF4B-00C04F79EFBC}") = "DotNetRevision.ConsoleApp", "DotNetRevision.ConsoleApp\DotNetRevision.ConsoleApp.csproj", "{5F084070-63A9-4EDB-86C3-E675A5612964}"
EndProject
Project("{FAE04EC0-301F-11D3-BF4B-00C04F79EFBC}") = "StudentRegApi", "StudentRegApi\StudentRegApi.csproj", "{87ECA157-D6C8-4797-8064-8EA508551502}"
EndProject
Project("{FAE04EC0-301F-11D3-BF4B-00C04F79EFBC}") = "HostelRegApi", "HostelRegApi\HostelRegApi.csproj", "{B96C2758-CB01-42F4-91D4-FA5091C81D05}"
EndProject
Project("{FAE04EC0-301F-11D3-BF4B-00C04F79EFBC}") = "WinFormCRUD", "WinFormCRUD\WinFormCRUD.csproj", "{FC60ADE8-AB00-4137-85E2-D47A919E96D4}"
EndProject
Project("{FAE04EC0-301F-11D3-BF4B-00C04F79EFBC}") = "ApiTest", "ApiTest\ApiTest.csproj", "{9F982CFB-607F-4944-8AEC-8008CE5BA89A}"
EndProject
Global
	GlobalSection(SolutionConfigurationPlatforms) = preSolution
		Debug|Any CPU = Debug|Any CPU
		Release|Any CPU = Release|Any CPU
	EndGlobalSection
	GlobalSection(ProjectConfigurationPlatforms) = postSolution
		{5F084070-63A9-4EDB-86C3-E675A5612964}.Debug|Any CPU.ActiveCfg = Debug|Any CPU
		{5F084070-63A9-4EDB-86C3-E675A5612964}.Debug|Any CPU.Build.0 = Debug|Any CPU
		{5F084070-63A9-4EDB-86C3-E675A5612964}.Release|Any CPU.ActiveCfg = Release|Any CPU
		{5F084070-63A9-4EDB-86C3-E675A5612964}.Release|Any CPU.Build.0 = Release|Any CPU
		{87ECA157-D6C8-4797-8064-8EA508551502}.Debug|Any CPU.ActiveCfg = Debug|Any CPU
		{87ECA157-D6C8-4797-8064-8EA508551502}.Debug|Any CPU.Build.0 = Debug|Any CPU
		{87ECA157-D6C8-4797-8064-8EA508551502}.Release|Any CPU.ActiveCfg = Release|Any CPU
		{87ECA157-D6C8-4797-8064-8EA508551502}.Release|Any CPU.Build.0 = Release|Any CPU
		{B96C2758-CB01-42F4-91D4-FA5091C81D05}.Debug|Any CPU.ActiveCfg = Debug|Any CPU
		{B96C2758-CB01-42F4-91D4-FA5091C81D05}.Debug|Any CPU.Build.0 = Debug|Any CPU
		{B96C2758-CB01-42F4-91D4-FA5091C81D05}.Release|Any CPU.ActiveCfg = Release|Any CPU
		{B96C2758-CB01-42F4-91D4-FA5091C81D05}.Release|Any CPU.Build.0 = Release|Any CPU
		{FC60ADE8-AB00-4137-85E2-D47A919E96D4}.Debug|Any CPU.ActiveCfg = Debug|Any CPU
		{FC60ADE8-AB00-4137-85E2-D47A919E96D4}.Debug|Any CPU.Build.0 = Debug|Any CPU
		{FC60ADE8-AB00-4137-85E2-D47A919E96D4}.Release|Any CPU.ActiveCfg = Release|Any CPU
		{FC60ADE8-AB00-4137-85E2-D47A919E96D4}.Release|Any CPU.Build.0 = Release|Any CPU
		{9F982CFB-607F-4944-8AEC-8008CE5BA89A}.Debug|Any CPU.ActiveCfg = Debug|Any CPU
		{9F982CFB-607F-4944-8AEC-8008CE5BA89A}.Debug|Any CPU.Build.0 = Debug|Any CPU
		{9F982CFB-607F-4944-8AEC-8008CE5BA89A}.Release|Any CPU.ActiveCfg = Release|Any CPU
		{9F982CFB-607F-4944-8AEC-8008CE5BA89A}.Release|Any CPU.Build.0 = Release|Any CPU
	EndGlobalSection
	GlobalSection(SolutionProperties) = preSolution
		HideSolutionNode = FALSE
	EndGlobalSection
	GlobalSection(ExtensibilityGlobals) = postSolution
		SolutionGuid = {BA739AC9-61B9-4E8B-9F03-89244D06CA83}
	EndGlobalSection
EndGlobal
